// !$*UTF8*$!
{
	archiveVersion = 1;
	classes = {
	};
	objectVersion = 51;
	objects = {

/* Begin PBXBuildFile section */
		6404137E248E47220063B962 /* WebKit.framework in Frameworks */ = {isa = PBXBuildFile; fileRef = 6404137D248E47220063B962 /* WebKit.framework */; };
		6467B6B6248E326100264CCA /* AppDelegate.swift in Sources */ = {isa = PBXBuildFile; fileRef = 6467B6B5248E326100264CCA /* AppDelegate.swift */; };
		6467B6B8248E326100264CCA /* ViewController.swift in Sources */ = {isa = PBXBuildFile; fileRef = 6467B6B7248E326100264CCA /* ViewController.swift */; };
		6467B6BA248E326300264CCA /* Assets.xcassets in Resources */ = {isa = PBXBuildFile; fileRef = 6467B6B9248E326300264CCA /* Assets.xcassets */; };
		6467B6BD248E326300264CCA /* Main.storyboard in Resources */ = {isa = PBXBuildFile; fileRef = 6467B6BB248E326300264CCA /* Main.storyboard */; };
		64BEEA59248F0F9300E06896 /* MainWindowController.swift in Sources */ = {isa = PBXBuildFile; fileRef = 64BEEA58248F0F9300E06896 /* MainWindowController.swift */; };
		A6E94B84F595CD9C8EB43031 /* Pods_YoutubeMusicMojave.framework in Frameworks */ = {isa = PBXBuildFile; fileRef = C4D1F76B42BED99581B56F39 /* Pods_YoutubeMusicMojave.framework */; };
/* End PBXBuildFile section */

/* Begin PBXFileReference section */
		6404137D248E47220063B962 /* WebKit.framework */ = {isa = PBXFileReference; lastKnownFileType = wrapper.framework; name = WebKit.framework; path = System/Library/Frameworks/WebKit.framework; sourceTree = SDKROOT; };
		6467B6B2248E326100264CCA /* YoutubeMusicMojave.app */ = {isa = PBXFileReference; explicitFileType = wrapper.application; includeInIndex = 0; path = YoutubeMusicMojave.app; sourceTree = BUILT_PRODUCTS_DIR; };
		6467B6B5248E326100264CCA /* AppDelegate.swift */ = {isa = PBXFileReference; lastKnownFileType = sourcecode.swift; path = AppDelegate.swift; sourceTree = "<group>"; };
		6467B6B7248E326100264CCA /* ViewController.swift */ = {isa = PBXFileReference; lastKnownFileType = sourcecode.swift; path = ViewController.swift; sourceTree = "<group>"; };
		6467B6B9248E326300264CCA /* Assets.xcassets */ = {isa = PBXFileReference; lastKnownFileType = folder.assetcatalog; path = Assets.xcassets; sourceTree = "<group>"; };
		6467B6BC248E326300264CCA /* Base */ = {isa = PBXFileReference; lastKnownFileType = file.storyboard; name = Base; path = Base.lproj/Main.storyboard; sourceTree = "<group>"; };
		6467B6BE248E326300264CCA /* Info.plist */ = {isa = PBXFileReference; lastKnownFileType = text.plist.xml; path = Info.plist; sourceTree = "<group>"; };
		6467B6BF248E326300264CCA /* YoutubeMusicMojave.entitlements */ = {isa = PBXFileReference; lastKnownFileType = text.plist.entitlements; path = YoutubeMusicMojave.entitlements; sourceTree = "<group>"; };
		64BEEA58248F0F9300E06896 /* MainWindowController.swift */ = {isa = PBXFileReference; lastKnownFileType = sourcecode.swift; path = MainWindowController.swift; sourceTree = "<group>"; };
		C4D1F76B42BED99581B56F39 /* Pods_YoutubeMusicMojave.framework */ = {isa = PBXFileReference; explicitFileType = wrapper.framework; includeInIndex = 0; path = Pods_YoutubeMusicMojave.framework; sourceTree = BUILT_PRODUCTS_DIR; };
		EBF535B293132772AF223506 /* Pods-YoutubeMusicMojave.debug.xcconfig */ = {isa = PBXFileReference; includeInIndex = 1; lastKnownFileType = text.xcconfig; name = "Pods-YoutubeMusicMojave.debug.xcconfig"; path = "Target Support Files/Pods-YoutubeMusicMojave/Pods-YoutubeMusicMojave.debug.xcconfig"; sourceTree = "<group>"; };
		F11FD34F9FF052C307B517CA /* Pods-YoutubeMusicMojave.release.xcconfig */ = {isa = PBXFileReference; includeInIndex = 1; lastKnownFileType = text.xcconfig; name = "Pods-YoutubeMusicMojave.release.xcconfig"; path = "Target Support Files/Pods-YoutubeMusicMojave/Pods-YoutubeMusicMojave.release.xcconfig"; sourceTree = "<group>"; };
/* End PBXFileReference section */

/* Begin PBXFrameworksBuildPhase section */
		6467B6AF248E326100264CCA /* Frameworks */ = {
			isa = PBXFrameworksBuildPhase;
			buildActionMask = 2147483647;
			files = (
				6404137E248E47220063B962 /* WebKit.framework in Frameworks */,
				A6E94B84F595CD9C8EB43031 /* Pods_YoutubeMusicMojave.framework in Frameworks */,
			);
			runOnlyForDeploymentPostprocessing = 0;
		};
/* End PBXFrameworksBuildPhase section */

/* Begin PBXGroup section */
		1DDBEC2B0E31AB1A9F83F170 /* Pods */ = {
			isa = PBXGroup;
			children = (
				EBF535B293132772AF223506 /* Pods-YoutubeMusicMojave.debug.xcconfig */,
				F11FD34F9FF052C307B517CA /* Pods-YoutubeMusicMojave.release.xcconfig */,
			);
			path = Pods;
			sourceTree = "<group>";
		};
		6467B6A9248E326100264CCA = {
			isa = PBXGroup;
			children = (
				6467B6B4248E326100264CCA /* YoutubeMusicMojave */,
				6467B6B3248E326100264CCA /* Products */,
				1DDBEC2B0E31AB1A9F83F170 /* Pods */,
				6E09E635D9FB47FD8766CE16 /* Frameworks */,
			);
			sourceTree = "<group>";
		};
		6467B6B3248E326100264CCA /* Products */ = {
			isa = PBXGroup;
			children = (
				6467B6B2248E326100264CCA /* YoutubeMusicMojave.app */,
			);
			name = Products;
			sourceTree = "<group>";
		};
		6467B6B4248E326100264CCA /* YoutubeMusicMojave */ = {
			isa = PBXGroup;
			children = (
				6467B6B5248E326100264CCA /* AppDelegate.swift */,
				6467B6B7248E326100264CCA /* ViewController.swift */,
				6467B6B9248E326300264CCA /* Assets.xcassets */,
				6467B6BB248E326300264CCA /* Main.storyboard */,
				6467B6BE248E326300264CCA /* Info.plist */,
				6467B6BF248E326300264CCA /* YoutubeMusicMojave.entitlements */,
				64BEEA58248F0F9300E06896 /* MainWindowController.swift */,
			);
			path = YoutubeMusicMojave;
			sourceTree = "<group>";
		};
		6E09E635D9FB47FD8766CE16 /* Frameworks */ = {
			isa = PBXGroup;
			children = (
				6404137D248E47220063B962 /* WebKit.framework */,
				C4D1F76B42BED99581B56F39 /* Pods_YoutubeMusicMojave.framework */,
			);
			name = Frameworks;
			sourceTree = "<group>";
		};
/* End PBXGroup section */

/* Begin PBXNativeTarget section */
		6467B6B1248E326100264CCA /* YoutubeMusicMojave */ = {
			isa = PBXNativeTarget;
			buildConfigurationList = 6467B6C2248E326300264CCA /* Build configuration list for PBXNativeTarget "YoutubeMusicMojave" */;
			buildPhases = (
				DED01E8A228C9E1E64E97F22 /* [CP] Check Pods Manifest.lock */,
				6467B6AE248E326100264CCA /* Sources */,
				6467B6AF248E326100264CCA /* Frameworks */,
				6467B6B0248E326100264CCA /* Resources */,
				BA865F6C59B9B0CD4C2360FB /* [CP] Embed Pods Frameworks */,
			);
			buildRules = (
			);
			dependencies = (
			);
			name = YoutubeMusicMojave;
			productName = YoutubeMusicMojave;
			productReference = 6467B6B2248E326100264CCA /* YoutubeMusicMojave.app */;
			productType = "com.apple.product-type.application";
		};
/* End PBXNativeTarget section */

/* Begin PBXProject section */
		6467B6AA248E326100264CCA /* Project object */ = {
			isa = PBXProject;
			attributes = {
				LastSwiftUpdateCheck = 1150;
				LastUpgradeCheck = 1150;
				ORGANIZATIONNAME = mingky.me;
				TargetAttributes = {
					6467B6B1248E326100264CCA = {
						CreatedOnToolsVersion = 11.5;
					};
				};
			};
			buildConfigurationList = 6467B6AD248E326100264CCA /* Build configuration list for PBXProject "YoutubeMusicMojave" */;
			compatibilityVersion = "Xcode 9.3";
			developmentRegion = en;
			hasScannedForEncodings = 0;
			knownRegions = (
				en,
				Base,
			);
			mainGroup = 6467B6A9248E326100264CCA;
			productRefGroup = 6467B6B3248E326100264CCA /* Products */;
			projectDirPath = "";
			projectRoot = "";
			targets = (
				6467B6B1248E326100264CCA /* YoutubeMusicMojave */,
			);
		};
/* End PBXProject section */

/* Begin PBXResourcesBuildPhase section */
		6467B6B0248E326100264CCA /* Resources */ = {
			isa = PBXResourcesBuildPhase;
			buildActionMask = 2147483647;
			files = (
				6467B6BA248E326300264CCA /* Assets.xcassets in Resources */,
				6467B6BD248E326300264CCA /* Main.storyboard in Resources */,
			);
			runOnlyForDeploymentPostprocessing = 0;
		};
/* End PBXResourcesBuildPhase section */

/* Begin PBXShellScriptBuildPhase section */
		BA865F6C59B9B0CD4C2360FB /* [CP] Embed Pods Frameworks */ = {
			isa = PBXShellScriptBuildPhase;
			buildActionMask = 2147483647;
			files = (
			);
			inputFileListPaths = (
				"${PODS_ROOT}/Target Support Files/Pods-YoutubeMusicMojave/Pods-YoutubeMusicMojave-frameworks-${CONFIGURATION}-input-files.xcfilelist",
			);
			name = "[CP] Embed Pods Frameworks";
			outputFileListPaths = (
				"${PODS_ROOT}/Target Support Files/Pods-YoutubeMusicMojave/Pods-YoutubeMusicMojave-frameworks-${CONFIGURATION}-output-files.xcfilelist",
			);
			runOnlyForDeploymentPostprocessing = 0;
			shellPath = /bin/sh;
			shellScript = "\"${PODS_ROOT}/Target Support Files/Pods-YoutubeMusicMojave/Pods-YoutubeMusicMojave-frameworks.sh\"\n";
			showEnvVarsInLog = 0;
		};
		DED01E8A228C9E1E64E97F22 /* [CP] Check Pods Manifest.lock */ = {
			isa = PBXShellScriptBuildPhase;
			buildActionMask = 2147483647;
			files = (
			);
			inputFileListPaths = (
			);
			inputPaths = (
				"${PODS_PODFILE_DIR_PATH}/Podfile.lock",
				"${PODS_ROOT}/Manifest.lock",
			);
			name = "[CP] Check Pods Manifest.lock";
			outputFileListPaths = (
			);
			outputPaths = (
				"$(DERIVED_FILE_DIR)/Pods-YoutubeMusicMojave-checkManifestLockResult.txt",
			);
			runOnlyForDeploymentPostprocessing = 0;
			shellPath = /bin/sh;
			shellScript = "diff \"${PODS_PODFILE_DIR_PATH}/Podfile.lock\" \"${PODS_ROOT}/Manifest.lock\" > /dev/null\nif [ $? != 0 ] ; then\n    # print error to STDERR\n    echo \"error: The sandbox is not in sync with the Podfile.lock. Run 'pod install' or update your CocoaPods installation.\" >&2\n    exit 1\nfi\n# This output is used by Xcode 'outputs' to avoid re-running this script phase.\necho \"SUCCESS\" > \"${SCRIPT_OUTPUT_FILE_0}\"\n";
			showEnvVarsInLog = 0;
		};
/* End PBXShellScriptBuildPhase section */

/* Begin PBXSourcesBuildPhase section */
		6467B6AE248E326100264CCA /* Sources */ = {
			isa = PBXSourcesBuildPhase;
			buildActionMask = 2147483647;
			files = (
				6467B6B8248E326100264CCA /* ViewController.swift in Sources */,
				6467B6B6248E326100264CCA /* AppDelegate.swift in Sources */,
				64BEEA59248F0F9300E06896 /* MainWindowController.swift in Sources */,
			);
			runOnlyForDeploymentPostprocessing = 0;
		};
/* End PBXSourcesBuildPhase section */

/* Begin PBXVariantGroup section */
		6467B6BB248E326300264CCA /* Main.storyboard */ = {
			isa = PBXVariantGroup;
			children = (
				6467B6BC248E326300264CCA /* Base */,
			);
			name = Main.storyboard;
			sourceTree = "<group>";
		};
/* End PBXVariantGroup section */

/* Begin XCBuildConfiguration section */
		6467B6C0248E326300264CCA /* Debug */ = {
			isa = XCBuildConfiguration;
			buildSettings = {
				ALWAYS_SEARCH_USER_PATHS = NO;
				CLANG_ANALYZER_NONNULL = YES;
				CLANG_ANALYZER_NUMBER_OBJECT_CONVERSION = YES_AGGRESSIVE;
				CLANG_CXX_LANGUAGE_STANDARD = "gnu++14";
				CLANG_CXX_LIBRARY = "libc++";
				CLANG_ENABLE_MODULES = YES;
				CLANG_ENABLE_OBJC_ARC = YES;
				CLANG_ENABLE_OBJC_WEAK = YES;
				CLANG_WARN_BLOCK_CAPTURE_AUTORELEASING = YES;
				CLANG_WARN_BOOL_CONVERSION = YES;
				CLANG_WARN_COMMA = YES;
				CLANG_WARN_CONSTANT_CONVERSION = YES;
				CLANG_WARN_DEPRECATED_OBJC_IMPLEMENTATIONS = YES;
				CLANG_WARN_DIRECT_OBJC_ISA_USAGE = YES_ERROR;
				CLANG_WARN_DOCUMENTATION_COMMENTS = YES;
				CLANG_WARN_EMPTY_BODY = YES;
				CLANG_WARN_ENUM_CONVERSION = YES;
				CLANG_WARN_INFINITE_RECURSION = YES;
				CLANG_WARN_INT_CONVERSION = YES;
				CLANG_WARN_NON_LITERAL_NULL_CONVERSION = YES;
				CLANG_WARN_OBJC_IMPLICIT_RETAIN_SELF = YES;
				CLANG_WARN_OBJC_LITERAL_CONVERSION = YES;
				CLANG_WARN_OBJC_ROOT_CLASS = YES_ERROR;
				CLANG_WARN_RANGE_LOOP_ANALYSIS = YES;
				CLANG_WARN_STRICT_PROTOTYPES = YES;
				CLANG_WARN_SUSPICIOUS_MOVE = YES;
				CLANG_WARN_UNGUARDED_AVAILABILITY = YES_AGGRESSIVE;
				CLANG_WARN_UNREACHABLE_CODE = YES;
				CLANG_WARN__DUPLICATE_METHOD_MATCH = YES;
				COPY_PHASE_STRIP = NO;
				DEBUG_INFORMATION_FORMAT = dwarf;
				ENABLE_STRICT_OBJC_MSGSEND = YES;
				ENABLE_TESTABILITY = YES;
				GCC_C_LANGUAGE_STANDARD = gnu11;
				GCC_DYNAMIC_NO_PIC = NO;
				GCC_NO_COMMON_BLOCKS = YES;
				GCC_OPTIMIZATION_LEVEL = 0;
				GCC_PREPROCESSOR_DEFINITIONS = (
					"DEBUG=1",
					"$(inherited)",
				);
				GCC_WARN_64_TO_32_BIT_CONVERSION = YES;
				GCC_WARN_ABOUT_RETURN_TYPE = YES_ERROR;
				GCC_WARN_UNDECLARED_SELECTOR = YES;
				GCC_WARN_UNINITIALIZED_AUTOS = YES_AGGRESSIVE;
				GCC_WARN_UNUSED_FUNCTION = YES;
				GCC_WARN_UNUSED_VARIABLE = YES;
				MACOSX_DEPLOYMENT_TARGET = 10.13;
				MTL_ENABLE_DEBUG_INFO = INCLUDE_SOURCE;
				MTL_FAST_MATH = YES;
				ONLY_ACTIVE_ARCH = YES;
				SDKROOT = macosx;
				SWIFT_ACTIVE_COMPILATION_CONDITIONS = DEBUG;
				SWIFT_OPTIMIZATION_LEVEL = "-Onone";
			};
			name = Debug;
		};
		6467B6C1248E326300264CCA /* Release */ = {
			isa = XCBuildConfiguration;
			buildSettings = {
				ALWAYS_SEARCH_USER_PATHS = NO;
				CLANG_ANALYZER_NONNULL = YES;
				CLANG_ANALYZER_NUMBER_OBJECT_CONVERSION = YES_AGGRESSIVE;
				CLANG_CXX_LANGUAGE_STANDARD = "gnu++14";
				CLANG_CXX_LIBRARY = "libc++";
				CLANG_ENABLE_MODULES = YES;
				CLANG_ENABLE_OBJC_ARC = YES;
				CLANG_ENABLE_OBJC_WEAK = YES;
				CLANG_WARN_BLOCK_CAPTURE_AUTORELEASING = YES;
				CLANG_WARN_BOOL_CONVERSION = YES;
				CLANG_WARN_COMMA = YES;
				CLANG_WARN_CONSTANT_CONVERSION = YES;
				CLANG_WARN_DEPRECATED_OBJC_IMPLEMENTATIONS = YES;
				CLANG_WARN_DIRECT_OBJC_ISA_USAGE = YES_ERROR;
				CLANG_WARN_DOCUMENTATION_COMMENTS = YES;
				CLANG_WARN_EMPTY_BODY = YES;
				CLANG_WARN_ENUM_CONVERSION = YES;
				CLANG_WARN_INFINITE_RECURSION = YES;
				CLANG_WARN_INT_CONVERSION = YES;
				CLANG_WARN_NON_LITERAL_NULL_CONVERSION = YES;
				CLANG_WARN_OBJC_IMPLICIT_RETAIN_SELF = YES;
				CLANG_WARN_OBJC_LITERAL_CONVERSION = YES;
				CLANG_WARN_OBJC_ROOT_CLASS = YES_ERROR;
				CLANG_WARN_RANGE_LOOP_ANALYSIS = YES;
				CLANG_WARN_STRICT_PROTOTYPES = YES;
				CLANG_WARN_SUSPICIOUS_MOVE = YES;
				CLANG_WARN_UNGUARDED_AVAILABILITY = YES_AGGRESSIVE;
				CLANG_WARN_UNREACHABLE_CODE = YES;
				CLANG_WARN__DUPLICATE_METHOD_MATCH = YES;
				COPY_PHASE_STRIP = NO;
				DEBUG_INFORMATION_FORMAT = "dwarf-with-dsym";
				ENABLE_NS_ASSERTIONS = NO;
				ENABLE_STRICT_OBJC_MSGSEND = YES;
				GCC_C_LANGUAGE_STANDARD = gnu11;
				GCC_NO_COMMON_BLOCKS = YES;
				GCC_WARN_64_TO_32_BIT_CONVERSION = YES;
				GCC_WARN_ABOUT_RETURN_TYPE = YES_ERROR;
				GCC_WARN_UNDECLARED_SELECTOR = YES;
				GCC_WARN_UNINITIALIZED_AUTOS = YES_AGGRESSIVE;
				GCC_WARN_UNUSED_FUNCTION = YES;
				GCC_WARN_UNUSED_VARIABLE = YES;
				MACOSX_DEPLOYMENT_TARGET = 10.13;
				MTL_ENABLE_DEBUG_INFO = NO;
				MTL_FAST_MATH = YES;
				SDKROOT = macosx;
				SWIFT_COMPILATION_MODE = wholemodule;
				SWIFT_OPTIMIZATION_LEVEL = "-O";
			};
			name = Release;
		};
		6467B6C3248E326300264CCA /* Debug */ = {
			isa = XCBuildConfiguration;
			baseConfigurationReference = EBF535B293132772AF223506 /* Pods-YoutubeMusicMojave.debug.xcconfig */;
			buildSettings = {
				ASSETCATALOG_COMPILER_APPICON_NAME = AppIcon;
				CODE_SIGN_ENTITLEMENTS = YoutubeMusicMojave/YoutubeMusicMojave.entitlements;
				CODE_SIGN_STYLE = Automatic;
				COMBINE_HIDPI_IMAGES = YES;
				DEVELOPMENT_TEAM = ZW2MC5SS4Z;
				ENABLE_HARDENED_RUNTIME = YES;
				INFOPLIST_FILE = YoutubeMusicMojave/Info.plist;
				LD_RUNPATH_SEARCH_PATHS = (
					"$(inherited)",
					"@executable_path/../Frameworks",
				);
				PRODUCT_BUNDLE_IDENTIFIER = mingky.me.YoutubeMusicMojave;
				PRODUCT_NAME = "$(TARGET_NAME)";
				SWIFT_VERSION = 5.0;
			};
			name = Debug;
		};
		6467B6C4248E326300264CCA /* Release */ = {
			isa = XCBuildConfiguration;
			baseConfigurationReference = F11FD34F9FF052C307B517CA /* Pods-YoutubeMusicMojave.release.xcconfig */;
			buildSettings = {
				ASSETCATALOG_COMPILER_APPICON_NAME = AppIcon;
				CODE_SIGN_ENTITLEMENTS = YoutubeMusicMojave/YoutubeMusicMojave.entitlements;
				CODE_SIGN_STYLE = Automatic;
				COMBINE_HIDPI_IMAGES = YES;
				DEVELOPMENT_TEAM = ZW2MC5SS4Z;
				ENABLE_HARDENED_RUNTIME = YES;
				INFOPLIST_FILE = YoutubeMusicMojave/Info.plist;
				LD_RUNPATH_SEARCH_PATHS = (
					"$(inherited)",
					"@executable_path/../Frameworks",
				);
				PRODUCT_BUNDLE_IDENTIFIER = mingky.me.YoutubeMusicMojave;
				PRODUCT_NAME = "$(TARGET_NAME)";
				SWIFT_VERSION = 5.0;
			};
			name = Release;
		};
/* End XCBuildConfiguration section */

/* Begin XCConfigurationList section */
		6467B6AD248E326100264CCA /* Build configuration list for PBXProject "YoutubeMusicMojave" */ = {
			isa = XCConfigurationList;
			buildConfigurations = (
				6467B6C0248E326300264CCA /* Debug */,
				6467B6C1248E326300264CCA /* Release */,
			);
			defaultConfigurationIsVisible = 0;
			defaultConfigurationName = Release;
		};
		6467B6C2248E326300264CCA /* Build configuration list for PBXNativeTarget "YoutubeMusicMojave" */ = {
			isa = XCConfigurationList;
			buildConfigurations = (
				6467B6C3248E326300264CCA /* Debug */,
				6467B6C4248E326300264CCA /* Release */,
			);
			defaultConfigurationIsVisible = 0;
			defaultConfigurationName = Release;
		};
/* End XCConfigurationList section */
	};
	rootObject = 6467B6AA248E326100264CCA /* Project object */;
}
